
Microsoft Visual Studio Solution File, Format Version 12.00
# Visual Studio Version 16
VisualStudioVersion = 16.0.30523.141
MinimumVisualStudioVersion = 10.0.40219.1
Project("{2150E333-8FDC-42A3-9474-1A3956D46DE8}") = "source", "source", "{1C850A1D-6BBD-480C-8D24-11C49685826D}"
EndProject
Project("{FAE04EC0-301F-11D3-BF4B-00C04F79EFBC}") = "WebApplication", "WebApplication\WebApplication.csproj", "{9AA0F0C8-C2ED-43A5-A2AC-12134170CECB}"
EndProject
Global
	GlobalSection(SolutionConfigurationPlatforms) = preSolution
		Debug|Any CPU = Debug|Any CPU
		Release|Any CPU = Release|Any CPU
	EndGlobalSection
	GlobalSection(ProjectConfigurationPlatforms) = postSolution
		{9AA0F0C8-C2ED-43A5-A2AC-12134170CECB}.Debug|Any CPU.ActiveCfg = Debug|Any CPU
		{9AA0F0C8-C2ED-43A5-A2AC-12134170CECB}.Debug|Any CPU.Build.0 = Debug|Any CPU
		{9AA0F0C8-C2ED-43A5-A2AC-12134170CECB}.Release|Any CPU.ActiveCfg = Release|Any CPU
		{9AA0F0C8-C2ED-43A5-A2AC-12134170CECB}.Release|Any CPU.Build.0 = Release|Any CPU
	EndGlobalSection
	GlobalSection(SolutionProperties) = preSolution
		HideSolutionNode = FALSE
	EndGlobalSection
	GlobalSection(NestedProjects) = preSolution
		{9AA0F0C8-C2ED-43A5-A2AC-12134170CECB} = {1C850A1D-6BBD-480C-8D24-11C49685826D}
	EndGlobalSection
	GlobalSection(ExtensibilityGlobals) = postSolution
		SolutionGuid = {E25CE3E1-2BFE-4BAF-8276-CA9A4468A6A3}
	EndGlobalSection
EndGlobal
